# This file is automatically @generated by Cargo.
# It is not intended for manual editing.
version = 3

[[package]]
name = "geomath"
version = "0.2.4"
source = "registry+https://github.com/rust-lang/crates.io-index"
checksum = "32e68ee6b2c2cd27e54c3ad696876e8437f0e19f1c0527361c2ee6162fbcc92a"

[[package]]
name = "nineteen"
version = "0.1.0"
dependencies = [
 "geomath",
]
